
Microsoft Visual Studio Solution File, Format Version 12.00
# Visual Studio Version 17
VisualStudioVersion = 17.12.35707.178 d17.12
MinimumVisualStudioVersion = 10.0.40219.1
Project("{FAE04EC0-301F-11D3-BF4B-00C04F79EFBC}") = "AgriV1", "AgriV1\AgriV1.csproj", "{7C5155A9-ACC7-463C-A302-2FFB518EF65B}"
EndProject
Global
	GlobalSection(SolutionConfigurationPlatforms) = preSolution
		Debug|Any CPU = Debug|Any CPU
		Release|Any CPU = Release|Any CPU
	EndGlobalSection
	GlobalSection(ProjectConfigurationPlatforms) = postSolution
		{7C5155A9-ACC7-463C-A302-2FFB518EF65B}.Debug|Any CPU.ActiveCfg = Debug|Any CPU
		{7C5155A9-ACC7-463C-A302-2FFB518EF65B}.Debug|Any CPU.Build.0 = Debug|Any CPU
		{7C5155A9-ACC7-463C-A302-2FFB518EF65B}.Release|Any CPU.ActiveCfg = Release|Any CPU
		{7C5155A9-ACC7-463C-A302-2FFB518EF65B}.Release|Any CPU.Build.0 = Release|Any CPU
	EndGlobalSection
	GlobalSection(SolutionProperties) = preSolution
		HideSolutionNode = FALSE
	EndGlobalSection
EndGlobal
